
Microsoft Visual Studio Solution File, Format Version 12.00
# Visual Studio Version 16
VisualStudioVersion = 16.0.29001.49
MinimumVisualStudioVersion = 10.0.40219.1
Project("{9A19103F-16F7-4668-BE54-9A1E7A4F7556}") = "Domain", "Domain\Domain.csproj", "{03F51A59-88CC-456F-8E44-72FD7CFACAF7}"
EndProject
Project("{9A19103F-16F7-4668-BE54-9A1E7A4F7556}") = "DataAccess", "DataAccess\DataAccess.csproj", "{A493B0E6-B160-46AC-9ABA-FD3A58B43C22}"
EndProject
Project("{FAE04EC0-301F-11D3-BF4B-00C04F79EFBC}") = "Application", "Application\Application.csproj", "{58FDAC41-280A-4C84-9EDD-C2AA347DDBFE}"
EndProject
Project("{FAE04EC0-301F-11D3-BF4B-00C04F79EFBC}") = "EfCommands", "EfCommands\EfCommands.csproj", "{92C38068-424F-4CE2-AA5F-BDBA10D0C3FD}"
EndProject
Project("{FAE04EC0-301F-11D3-BF4B-00C04F79EFBC}") = "API", "API\API.csproj", "{6B3B8C37-8BAA-446D-8FC0-12CE317DAEEC}"
EndProject
Global
	GlobalSection(SolutionConfigurationPlatforms) = preSolution
		Debug|Any CPU = Debug|Any CPU
		Release|Any CPU = Release|Any CPU
	EndGlobalSection
	GlobalSection(ProjectConfigurationPlatforms) = postSolution
		{03F51A59-88CC-456F-8E44-72FD7CFACAF7}.Debug|Any CPU.ActiveCfg = Debug|Any CPU
		{03F51A59-88CC-456F-8E44-72FD7CFACAF7}.Debug|Any CPU.Build.0 = Debug|Any CPU
		{03F51A59-88CC-456F-8E44-72FD7CFACAF7}.Release|Any CPU.ActiveCfg = Release|Any CPU
		{03F51A59-88CC-456F-8E44-72FD7CFACAF7}.Release|Any CPU.Build.0 = Release|Any CPU
		{A493B0E6-B160-46AC-9ABA-FD3A58B43C22}.Debug|Any CPU.ActiveCfg = Debug|Any CPU
		{A493B0E6-B160-46AC-9ABA-FD3A58B43C22}.Debug|Any CPU.Build.0 = Debug|Any CPU
		{A493B0E6-B160-46AC-9ABA-FD3A58B43C22}.Release|Any CPU.ActiveCfg = Release|Any CPU
		{A493B0E6-B160-46AC-9ABA-FD3A58B43C22}.Release|Any CPU.Build.0 = Release|Any CPU
		{58FDAC41-280A-4C84-9EDD-C2AA347DDBFE}.Debug|Any CPU.ActiveCfg = Debug|Any CPU
		{58FDAC41-280A-4C84-9EDD-C2AA347DDBFE}.Debug|Any CPU.Build.0 = Debug|Any CPU
		{58FDAC41-280A-4C84-9EDD-C2AA347DDBFE}.Release|Any CPU.ActiveCfg = Release|Any CPU
		{58FDAC41-280A-4C84-9EDD-C2AA347DDBFE}.Release|Any CPU.Build.0 = Release|Any CPU
		{92C38068-424F-4CE2-AA5F-BDBA10D0C3FD}.Debug|Any CPU.ActiveCfg = Debug|Any CPU
		{92C38068-424F-4CE2-AA5F-BDBA10D0C3FD}.Debug|Any CPU.Build.0 = Debug|Any CPU
		{92C38068-424F-4CE2-AA5F-BDBA10D0C3FD}.Release|Any CPU.ActiveCfg = Release|Any CPU
		{92C38068-424F-4CE2-AA5F-BDBA10D0C3FD}.Release|Any CPU.Build.0 = Release|Any CPU
		{6B3B8C37-8BAA-446D-8FC0-12CE317DAEEC}.Debug|Any CPU.ActiveCfg = Debug|Any CPU
		{6B3B8C37-8BAA-446D-8FC0-12CE317DAEEC}.Debug|Any CPU.Build.0 = Debug|Any CPU
		{6B3B8C37-8BAA-446D-8FC0-12CE317DAEEC}.Release|Any CPU.ActiveCfg = Release|Any CPU
		{6B3B8C37-8BAA-446D-8FC0-12CE317DAEEC}.Release|Any CPU.Build.0 = Release|Any CPU
	EndGlobalSection
	GlobalSection(SolutionProperties) = preSolution
		HideSolutionNode = FALSE
	EndGlobalSection
	GlobalSection(ExtensibilityGlobals) = postSolution
		SolutionGuid = {29AC11EE-540E-4C60-AD80-DA9AAA219BA3}
	EndGlobalSection
EndGlobal
